Microsoft Visual Studio Solution File, Format Version 12.00
# Visual Studio Version 17
VisualStudioVersion = 17.5.2.0
MinimumVisualStudioVersion = 10.0.40219.1
Project("{FAE04EC0-301F-11D3-BF4B-00C04F79EFBC}") = "ReservasApi", "ReservasApi\ReservasApi.csproj", "{0428B5C6-9D5D-6F3A-0F4C-43576921DA8E}"
EndProject
Global
	GlobalSection(SolutionConfigurationPlatforms) = preSolution
		Debug|Any CPU = Debug|Any CPU
		Release|Any CPU = Release|Any CPU
	EndGlobalSection
	GlobalSection(ProjectConfigurationPlatforms) = postSolution
		{0428B5C6-9D5D-6F3A-0F4C-43576921DA8E}.Debug|Any CPU.ActiveCfg = Debug|Any CPU
		{0428B5C6-9D5D-6F3A-0F4C-43576921DA8E}.Debug|Any CPU.Build.0 = Debug|Any CPU
		{0428B5C6-9D5D-6F3A-0F4C-43576921DA8E}.Release|Any CPU.ActiveCfg = Release|Any CPU
		{0428B5C6-9D5D-6F3A-0F4C-43576921DA8E}.Release|Any CPU.Build.0 = Release|Any CPU
	EndGlobalSection
	GlobalSection(SolutionProperties) = preSolution
		HideSolutionNode = FALSE
	EndGlobalSection
	GlobalSection(ExtensibilityGlobals) = postSolution
		SolutionGuid = {E3B00B15-7A4A-435D-B5BE-3B45232BF96E}
	EndGlobalSection
EndGlobal
